
Microsoft Visual Studio Solution File, Format Version 12.00
# Visual Studio Version 17
VisualStudioVersion = 17.0.32126.317
MinimumVisualStudioVersion = 10.0.40219.1
Project("{FAE04EC0-301F-11D3-BF4B-00C04F79EFBC}") = "Projet", "Projet\Projet.csproj", "{1D6DEDEA-94E6-4232-B3AC-037E3E083F4D}"
EndProject
Global
	GlobalSection(SolutionConfigurationPlatforms) = preSolution
		Debug|Any CPU = Debug|Any CPU
		Release|Any CPU = Release|Any CPU
	EndGlobalSection
	GlobalSection(ProjectConfigurationPlatforms) = postSolution
		{1D6DEDEA-94E6-4232-B3AC-037E3E083F4D}.Debug|Any CPU.ActiveCfg = Debug|Any CPU
		{1D6DEDEA-94E6-4232-B3AC-037E3E083F4D}.Debug|Any CPU.Build.0 = Debug|Any CPU
		{1D6DEDEA-94E6-4232-B3AC-037E3E083F4D}.Release|Any CPU.ActiveCfg = Release|Any CPU
		{1D6DEDEA-94E6-4232-B3AC-037E3E083F4D}.Release|Any CPU.Build.0 = Release|Any CPU
	EndGlobalSection
	GlobalSection(SolutionProperties) = preSolution
		HideSolutionNode = FALSE
	EndGlobalSection
	GlobalSection(ExtensibilityGlobals) = postSolution
		SolutionGuid = {95CBC070-A3F0-492A-B829-E0BAF0296D54}
	EndGlobalSection
EndGlobal
